
Microsoft Visual Studio Solution File, Format Version 12.00
# Visual Studio Version 17
VisualStudioVersion = 17.0.32126.317
MinimumVisualStudioVersion = 10.0.40219.1
Project("{2150E333-8FDC-42A3-9474-1A3956D46DE8}") = "Application", "Application", "{0864BD12-38E2-4DF6-BF9D-0513776B202C}"
EndProject
Project("{2150E333-8FDC-42A3-9474-1A3956D46DE8}") = "IdentityService", "IdentityService", "{17189860-893B-4019-8909-4DBCEF1A1804}"
EndProject
Project("{2150E333-8FDC-42A3-9474-1A3956D46DE8}") = "Model", "Model", "{FF411035-F014-49A0-AB26-8BAACE758CB2}"
EndProject
Project("{9A19103F-16F7-4668-BE54-9A1E7A4F7556}") = "DoorAccessApplication.Model", "DoorAccessApplication.Model\DoorAccessApplication.Model.csproj", "{252257D2-0D37-4AA9-9560-38B04EA7E1FA}"
EndProject
Project("{2150E333-8FDC-42A3-9474-1A3956D46DE8}") = "Tests", "Tests", "{EF8BFBDA-A3BA-4728-9746-2C5B6723680C}"
EndProject
Project("{9A19103F-16F7-4668-BE54-9A1E7A4F7556}") = "DoorAccessApplication.Tests", "DoorAccessApplication.Tests\DoorAccessApplication.Tests.csproj", "{02E984A0-D609-40F7-858D-217AE01B642A}"
EndProject
Project("{9A19103F-16F7-4668-BE54-9A1E7A4F7556}") = "DoorAccessApplication.Ids", "IdentityService\DoorAccessApplication.Ids\DoorAccessApplication.Ids.csproj", "{C3C54EB4-19C1-4BE3-A3FB-6A0182C8E0B4}"
EndProject
Project("{9A19103F-16F7-4668-BE54-9A1E7A4F7556}") = "DoorAccessApplication.Api", "Application\DoorAccessApplication.Api\DoorAccessApplication.Api.csproj", "{53EA44D7-98D5-4212-A398-FE3889652F9E}"
EndProject
Project("{9A19103F-16F7-4668-BE54-9A1E7A4F7556}") = "DoorAccessApplication.Core", "Application\DoorAccessApplication.Core\DoorAccessApplication.Core.csproj", "{E4DA2C8A-F40F-4783-A737-12D9A5A6BC69}"
EndProject
Project("{9A19103F-16F7-4668-BE54-9A1E7A4F7556}") = "DoorAccessApplication.Infrastructure", "Application\DoorAccessApplication.Infrastructure\DoorAccessApplication.Infrastructure.csproj", "{85C92F3E-4BE3-409D-A60E-9EAA1FB5CC8C}"
EndProject
Global
	GlobalSection(SolutionConfigurationPlatforms) = preSolution
		Debug|Any CPU = Debug|Any CPU
		Release|Any CPU = Release|Any CPU
	EndGlobalSection
	GlobalSection(ProjectConfigurationPlatforms) = postSolution
		{252257D2-0D37-4AA9-9560-38B04EA7E1FA}.Debug|Any CPU.ActiveCfg = Debug|Any CPU
		{252257D2-0D37-4AA9-9560-38B04EA7E1FA}.Debug|Any CPU.Build.0 = Debug|Any CPU
		{252257D2-0D37-4AA9-9560-38B04EA7E1FA}.Release|Any CPU.ActiveCfg = Release|Any CPU
		{252257D2-0D37-4AA9-9560-38B04EA7E1FA}.Release|Any CPU.Build.0 = Release|Any CPU
		{02E984A0-D609-40F7-858D-217AE01B642A}.Debug|Any CPU.ActiveCfg = Debug|Any CPU
		{02E984A0-D609-40F7-858D-217AE01B642A}.Debug|Any CPU.Build.0 = Debug|Any CPU
		{02E984A0-D609-40F7-858D-217AE01B642A}.Release|Any CPU.ActiveCfg = Release|Any CPU
		{02E984A0-D609-40F7-858D-217AE01B642A}.Release|Any CPU.Build.0 = Release|Any CPU
		{C3C54EB4-19C1-4BE3-A3FB-6A0182C8E0B4}.Debug|Any CPU.ActiveCfg = Debug|Any CPU
		{C3C54EB4-19C1-4BE3-A3FB-6A0182C8E0B4}.Debug|Any CPU.Build.0 = Debug|Any CPU
		{C3C54EB4-19C1-4BE3-A3FB-6A0182C8E0B4}.Release|Any CPU.ActiveCfg = Release|Any CPU
		{C3C54EB4-19C1-4BE3-A3FB-6A0182C8E0B4}.Release|Any CPU.Build.0 = Release|Any CPU
		{53EA44D7-98D5-4212-A398-FE3889652F9E}.Debug|Any CPU.ActiveCfg = Debug|Any CPU
		{53EA44D7-98D5-4212-A398-FE3889652F9E}.Debug|Any CPU.Build.0 = Debug|Any CPU
		{53EA44D7-98D5-4212-A398-FE3889652F9E}.Release|Any CPU.ActiveCfg = Release|Any CPU
		{53EA44D7-98D5-4212-A398-FE3889652F9E}.Release|Any CPU.Build.0 = Release|Any CPU
		{E4DA2C8A-F40F-4783-A737-12D9A5A6BC69}.Debug|Any CPU.ActiveCfg = Debug|Any CPU
		{E4DA2C8A-F40F-4783-A737-12D9A5A6BC69}.Debug|Any CPU.Build.0 = Debug|Any CPU
		{E4DA2C8A-F40F-4783-A737-12D9A5A6BC69}.Release|Any CPU.ActiveCfg = Release|Any CPU
		{E4DA2C8A-F40F-4783-A737-12D9A5A6BC69}.Release|Any CPU.Build.0 = Release|Any CPU
		{85C92F3E-4BE3-409D-A60E-9EAA1FB5CC8C}.Debug|Any CPU.ActiveCfg = Debug|Any CPU
		{85C92F3E-4BE3-409D-A60E-9EAA1FB5CC8C}.Debug|Any CPU.Build.0 = Debug|Any CPU
		{85C92F3E-4BE3-409D-A60E-9EAA1FB5CC8C}.Release|Any CPU.ActiveCfg = Release|Any CPU
		{85C92F3E-4BE3-409D-A60E-9EAA1FB5CC8C}.Release|Any CPU.Build.0 = Release|Any CPU
	EndGlobalSection
	GlobalSection(SolutionProperties) = preSolution
		HideSolutionNode = FALSE
	EndGlobalSection
	GlobalSection(NestedProjects) = preSolution
		{252257D2-0D37-4AA9-9560-38B04EA7E1FA} = {FF411035-F014-49A0-AB26-8BAACE758CB2}
		{02E984A0-D609-40F7-858D-217AE01B642A} = {EF8BFBDA-A3BA-4728-9746-2C5B6723680C}
		{C3C54EB4-19C1-4BE3-A3FB-6A0182C8E0B4} = {17189860-893B-4019-8909-4DBCEF1A1804}
		{53EA44D7-98D5-4212-A398-FE3889652F9E} = {0864BD12-38E2-4DF6-BF9D-0513776B202C}
		{E4DA2C8A-F40F-4783-A737-12D9A5A6BC69} = {0864BD12-38E2-4DF6-BF9D-0513776B202C}
		{85C92F3E-4BE3-409D-A60E-9EAA1FB5CC8C} = {0864BD12-38E2-4DF6-BF9D-0513776B202C}
	EndGlobalSection
	GlobalSection(ExtensibilityGlobals) = postSolution
		SolutionGuid = {35714DB6-3799-47D1-9616-67D3A0E19477}
	EndGlobalSection
EndGlobal
